
Microsoft Visual Studio Solution File, Format Version 12.00
# Visual Studio Version 17
VisualStudioVersion = 17.7.34018.315
MinimumVisualStudioVersion = 10.0.40219.1
Project("{2150E333-8FDC-42A3-9474-1A3956D46DE8}") = "src", "src", "{60461EDE-D675-46F4-82A4-DF6B9D0EF940}"
EndProject
Project("{2150E333-8FDC-42A3-9474-1A3956D46DE8}") = "Solution Items", "Solution Items", "{CD5E1FCA-3A22-464F-BEB0-01F8D1A92FA8}"
	ProjectSection(SolutionItems) = preProject
		ServiceUrls.txt = ServiceUrls.txt
	EndProjectSection
EndProject
Project("{2150E333-8FDC-42A3-9474-1A3956D46DE8}") = "ApiGateways", "ApiGateways", "{3378CEDF-BFA6-4C13-B741-0B5BB5732BD2}"
EndProject
Project("{2150E333-8FDC-42A3-9474-1A3956D46DE8}") = "BuildingBlocks", "BuildingBlocks", "{863C727F-F2B8-4324-A11E-5769C165AD0C}"
EndProject
Project("{2150E333-8FDC-42A3-9474-1A3956D46DE8}") = "Services", "Services", "{24B7B7DF-941B-4B6E-81F2-0356A1704B13}"
EndProject
Project("{2150E333-8FDC-42A3-9474-1A3956D46DE8}") = "Clients", "Clients", "{CBF57CE9-B6F9-4397-BB17-6BDD673B4E67}"
EndProject
Project("{2150E333-8FDC-42A3-9474-1A3956D46DE8}") = "WebApiGateway", "WebApiGateway", "{E129FA48-B2DF-4396-BA17-4811210C376E}"
EndProject
Project("{FAE04EC0-301F-11D3-BF4B-00C04F79EFBC}") = "WebApiGateway", "src\ApiGateways\WebApiGateway\WebApiGateway.csproj", "{E492A78C-DD18-4F1B-8CD9-FC3E95634343}"
EndProject
Project("{2150E333-8FDC-42A3-9474-1A3956D46DE8}") = "EventBus", "EventBus", "{3A6701A6-4359-4FB7-A451-155F959194AA}"
EndProject
Project("{FAE04EC0-301F-11D3-BF4B-00C04F79EFBC}") = "EventBus.Base", "src\BuildingBlocks\EventBus\EventBus.Base\EventBus.Base.csproj", "{272C4EE7-DB20-4552-8AC7-027248669B03}"
EndProject
Project("{FAE04EC0-301F-11D3-BF4B-00C04F79EFBC}") = "EventBus.Factory", "src\BuildingBlocks\EventBus\EventBus.Factory\EventBus.Factory.csproj", "{C72A4EFE-63BB-43ED-9887-B1CA89392F2C}"
EndProject
Project("{FAE04EC0-301F-11D3-BF4B-00C04F79EFBC}") = "EventBus.AzureServiceBus", "src\BuildingBlocks\EventBus\EventBus.AzureServiceBus\EventBus.AzureServiceBus.csproj", "{EFE50AC0-FCCA-4035-B4A9-548E116FE3C0}"
EndProject
Project("{FAE04EC0-301F-11D3-BF4B-00C04F79EFBC}") = "EventBus.RabbitMQ", "src\BuildingBlocks\EventBus\EventBus.RabbitMQ\EventBus.RabbitMQ.csproj", "{F4A7F064-1190-43B4-B305-E2CA25938649}"
EndProject
Project("{2150E333-8FDC-42A3-9474-1A3956D46DE8}") = "BlazorWebApp", "BlazorWebApp", "{7D4E4042-6BD9-4AE7-BE4B-160463BF1880}"
EndProject
Project("{FAE04EC0-301F-11D3-BF4B-00C04F79EFBC}") = "WebApp", "src\Clients\BlazorWebApp\WebApp\WebApp.csproj", "{9084DABF-516E-4BC8-8A2B-593F2FE8F62A}"
EndProject
Project("{2150E333-8FDC-42A3-9474-1A3956D46DE8}") = "BasketService", "BasketService", "{8DDC074C-2166-4908-87C7-A1579B207781}"
EndProject
Project("{FAE04EC0-301F-11D3-BF4B-00C04F79EFBC}") = "BasketService.Api", "src\Services\BasketService\BasketService.Api\BasketService.Api.csproj", "{E93E6F30-5E7F-4AE9-99FB-EBB8709B51B8}"
EndProject
Project("{2150E333-8FDC-42A3-9474-1A3956D46DE8}") = "CatalogService", "CatalogService", "{ADD3E9D8-80F1-4FD5-B9D1-271538A4904D}"
EndProject
Project("{FAE04EC0-301F-11D3-BF4B-00C04F79EFBC}") = "CatalogService.Api", "src\Services\CatalogService\CatalogService.Api\CatalogService.Api.csproj", "{DF3683C2-4A96-4035-8F76-B9180FBCE0FB}"
EndProject
Project("{2150E333-8FDC-42A3-9474-1A3956D46DE8}") = "IdentityService", "IdentityService", "{39A15116-DBB8-45BD-933A-CDD4D4FB8801}"
EndProject
Project("{FAE04EC0-301F-11D3-BF4B-00C04F79EFBC}") = "IdentityService.Api", "src\Services\IdentityService\IdentityService.Api\IdentityService.Api.csproj", "{C0B16D80-ED52-4D02-9A75-0BCBF1D2FB7D}"
EndProject
Project("{2150E333-8FDC-42A3-9474-1A3956D46DE8}") = "NotificationService", "NotificationService", "{7D5BC911-0E03-4784-A904-CE9B5E7244A0}"
EndProject
Project("{FAE04EC0-301F-11D3-BF4B-00C04F79EFBC}") = "NotificationService", "src\Services\NotificationService\NotificationService\NotificationService.csproj", "{F6C390CF-CAF6-4593-ACB1-83E6CFAC0F19}"
EndProject
Project("{2150E333-8FDC-42A3-9474-1A3956D46DE8}") = "OrderService", "OrderService", "{954D1FED-1977-43A4-AD07-6555544B33C8}"
EndProject
Project("{FAE04EC0-301F-11D3-BF4B-00C04F79EFBC}") = "OrderService.Domain", "src\Services\OrderService\OrderService.Domain\OrderService.Domain.csproj", "{6FB9A895-8AE8-47F3-95D4-5E6FF31DA1EF}"
EndProject
Project("{FAE04EC0-301F-11D3-BF4B-00C04F79EFBC}") = "OrderService.Application", "src\Services\OrderService\OrderService.Application\OrderService.Application.csproj", "{B2402B67-63A5-409F-95D4-EAB1F39F2B4D}"
EndProject
Project("{FAE04EC0-301F-11D3-BF4B-00C04F79EFBC}") = "OrderService.Infrastructure", "src\Services\OrderService\OrderService.Infrastructure\OrderService.Infrastructure.csproj", "{A7E46DE5-313C-41E8-BE8B-00751309E4C1}"
EndProject
Project("{FAE04EC0-301F-11D3-BF4B-00C04F79EFBC}") = "OrderService.Api", "src\Services\OrderService\OrderService.Api\OrderService.Api.csproj", "{6CD3FBBE-BEC7-4CF9-9367-493927AD5A3B}"
EndProject
Project("{2150E333-8FDC-42A3-9474-1A3956D46DE8}") = "PaymentService", "PaymentService", "{4862698D-902F-4466-A362-6D55DAB0CA20}"
EndProject
Project("{FAE04EC0-301F-11D3-BF4B-00C04F79EFBC}") = "PaymentService.Api", "src\Services\PaymentService\PaymentService.Api\PaymentService.Api.csproj", "{5BFDE617-7AB0-48D3-A86C-07C010FED8B1}"
EndProject
Global
	GlobalSection(SolutionConfigurationPlatforms) = preSolution
		Debug|Any CPU = Debug|Any CPU
		Release|Any CPU = Release|Any CPU
	EndGlobalSection
	GlobalSection(ProjectConfigurationPlatforms) = postSolution
		{E492A78C-DD18-4F1B-8CD9-FC3E95634343}.Debug|Any CPU.ActiveCfg = Debug|Any CPU
		{E492A78C-DD18-4F1B-8CD9-FC3E95634343}.Debug|Any CPU.Build.0 = Debug|Any CPU
		{E492A78C-DD18-4F1B-8CD9-FC3E95634343}.Release|Any CPU.ActiveCfg = Release|Any CPU
		{E492A78C-DD18-4F1B-8CD9-FC3E95634343}.Release|Any CPU.Build.0 = Release|Any CPU
		{272C4EE7-DB20-4552-8AC7-027248669B03}.Debug|Any CPU.ActiveCfg = Debug|Any CPU
		{272C4EE7-DB20-4552-8AC7-027248669B03}.Debug|Any CPU.Build.0 = Debug|Any CPU
		{272C4EE7-DB20-4552-8AC7-027248669B03}.Release|Any CPU.ActiveCfg = Release|Any CPU
		{272C4EE7-DB20-4552-8AC7-027248669B03}.Release|Any CPU.Build.0 = Release|Any CPU
		{C72A4EFE-63BB-43ED-9887-B1CA89392F2C}.Debug|Any CPU.ActiveCfg = Debug|Any CPU
		{C72A4EFE-63BB-43ED-9887-B1CA89392F2C}.Debug|Any CPU.Build.0 = Debug|Any CPU
		{C72A4EFE-63BB-43ED-9887-B1CA89392F2C}.Release|Any CPU.ActiveCfg = Release|Any CPU
		{C72A4EFE-63BB-43ED-9887-B1CA89392F2C}.Release|Any CPU.Build.0 = Release|Any CPU
		{EFE50AC0-FCCA-4035-B4A9-548E116FE3C0}.Debug|Any CPU.ActiveCfg = Debug|Any CPU
		{EFE50AC0-FCCA-4035-B4A9-548E116FE3C0}.Debug|Any CPU.Build.0 = Debug|Any CPU
		{EFE50AC0-FCCA-4035-B4A9-548E116FE3C0}.Release|Any CPU.ActiveCfg = Release|Any CPU
		{EFE50AC0-FCCA-4035-B4A9-548E116FE3C0}.Release|Any CPU.Build.0 = Release|Any CPU
		{F4A7F064-1190-43B4-B305-E2CA25938649}.Debug|Any CPU.ActiveCfg = Debug|Any CPU
		{F4A7F064-1190-43B4-B305-E2CA25938649}.Debug|Any CPU.Build.0 = Debug|Any CPU
		{F4A7F064-1190-43B4-B305-E2CA25938649}.Release|Any CPU.ActiveCfg = Release|Any CPU
		{F4A7F064-1190-43B4-B305-E2CA25938649}.Release|Any CPU.Build.0 = Release|Any CPU
		{9084DABF-516E-4BC8-8A2B-593F2FE8F62A}.Debug|Any CPU.ActiveCfg = Debug|Any CPU
		{9084DABF-516E-4BC8-8A2B-593F2FE8F62A}.Debug|Any CPU.Build.0 = Debug|Any CPU
		{9084DABF-516E-4BC8-8A2B-593F2FE8F62A}.Release|Any CPU.ActiveCfg = Release|Any CPU
		{9084DABF-516E-4BC8-8A2B-593F2FE8F62A}.Release|Any CPU.Build.0 = Release|Any CPU
		{E93E6F30-5E7F-4AE9-99FB-EBB8709B51B8}.Debug|Any CPU.ActiveCfg = Debug|Any CPU
		{E93E6F30-5E7F-4AE9-99FB-EBB8709B51B8}.Debug|Any CPU.Build.0 = Debug|Any CPU
		{E93E6F30-5E7F-4AE9-99FB-EBB8709B51B8}.Release|Any CPU.ActiveCfg = Release|Any CPU
		{E93E6F30-5E7F-4AE9-99FB-EBB8709B51B8}.Release|Any CPU.Build.0 = Release|Any CPU
		{DF3683C2-4A96-4035-8F76-B9180FBCE0FB}.Debug|Any CPU.ActiveCfg = Debug|Any CPU
		{DF3683C2-4A96-4035-8F76-B9180FBCE0FB}.Debug|Any CPU.Build.0 = Debug|Any CPU
		{DF3683C2-4A96-4035-8F76-B9180FBCE0FB}.Release|Any CPU.ActiveCfg = Release|Any CPU
		{DF3683C2-4A96-4035-8F76-B9180FBCE0FB}.Release|Any CPU.Build.0 = Release|Any CPU
		{C0B16D80-ED52-4D02-9A75-0BCBF1D2FB7D}.Debug|Any CPU.ActiveCfg = Debug|Any CPU
		{C0B16D80-ED52-4D02-9A75-0BCBF1D2FB7D}.Debug|Any CPU.Build.0 = Debug|Any CPU
		{C0B16D80-ED52-4D02-9A75-0BCBF1D2FB7D}.Release|Any CPU.ActiveCfg = Release|Any CPU
		{C0B16D80-ED52-4D02-9A75-0BCBF1D2FB7D}.Release|Any CPU.Build.0 = Release|Any CPU
		{F6C390CF-CAF6-4593-ACB1-83E6CFAC0F19}.Debug|Any CPU.ActiveCfg = Debug|Any CPU
		{F6C390CF-CAF6-4593-ACB1-83E6CFAC0F19}.Debug|Any CPU.Build.0 = Debug|Any CPU
		{F6C390CF-CAF6-4593-ACB1-83E6CFAC0F19}.Release|Any CPU.ActiveCfg = Release|Any CPU
		{F6C390CF-CAF6-4593-ACB1-83E6CFAC0F19}.Release|Any CPU.Build.0 = Release|Any CPU
		{6FB9A895-8AE8-47F3-95D4-5E6FF31DA1EF}.Debug|Any CPU.ActiveCfg = Debug|Any CPU
		{6FB9A895-8AE8-47F3-95D4-5E6FF31DA1EF}.Debug|Any CPU.Build.0 = Debug|Any CPU
		{6FB9A895-8AE8-47F3-95D4-5E6FF31DA1EF}.Release|Any CPU.ActiveCfg = Release|Any CPU
		{6FB9A895-8AE8-47F3-95D4-5E6FF31DA1EF}.Release|Any CPU.Build.0 = Release|Any CPU
		{B2402B67-63A5-409F-95D4-EAB1F39F2B4D}.Debug|Any CPU.ActiveCfg = Debug|Any CPU
		{B2402B67-63A5-409F-95D4-EAB1F39F2B4D}.Debug|Any CPU.Build.0 = Debug|Any CPU
		{B2402B67-63A5-409F-95D4-EAB1F39F2B4D}.Release|Any CPU.ActiveCfg = Release|Any CPU
		{B2402B67-63A5-409F-95D4-EAB1F39F2B4D}.Release|Any CPU.Build.0 = Release|Any CPU
		{A7E46DE5-313C-41E8-BE8B-00751309E4C1}.Debug|Any CPU.ActiveCfg = Debug|Any CPU
		{A7E46DE5-313C-41E8-BE8B-00751309E4C1}.Debug|Any CPU.Build.0 = Debug|Any CPU
		{A7E46DE5-313C-41E8-BE8B-00751309E4C1}.Release|Any CPU.ActiveCfg = Release|Any CPU
		{A7E46DE5-313C-41E8-BE8B-00751309E4C1}.Release|Any CPU.Build.0 = Release|Any CPU
		{6CD3FBBE-BEC7-4CF9-9367-493927AD5A3B}.Debug|Any CPU.ActiveCfg = Debug|Any CPU
		{6CD3FBBE-BEC7-4CF9-9367-493927AD5A3B}.Debug|Any CPU.Build.0 = Debug|Any CPU
		{6CD3FBBE-BEC7-4CF9-9367-493927AD5A3B}.Release|Any CPU.ActiveCfg = Release|Any CPU
		{6CD3FBBE-BEC7-4CF9-9367-493927AD5A3B}.Release|Any CPU.Build.0 = Release|Any CPU
		{5BFDE617-7AB0-48D3-A86C-07C010FED8B1}.Debug|Any CPU.ActiveCfg = Debug|Any CPU
		{5BFDE617-7AB0-48D3-A86C-07C010FED8B1}.Debug|Any CPU.Build.0 = Debug|Any CPU
		{5BFDE617-7AB0-48D3-A86C-07C010FED8B1}.Release|Any CPU.ActiveCfg = Release|Any CPU
		{5BFDE617-7AB0-48D3-A86C-07C010FED8B1}.Release|Any CPU.Build.0 = Release|Any CPU
	EndGlobalSection
	GlobalSection(SolutionProperties) = preSolution
		HideSolutionNode = FALSE
	EndGlobalSection
	GlobalSection(NestedProjects) = preSolution
		{3378CEDF-BFA6-4C13-B741-0B5BB5732BD2} = {60461EDE-D675-46F4-82A4-DF6B9D0EF940}
		{863C727F-F2B8-4324-A11E-5769C165AD0C} = {60461EDE-D675-46F4-82A4-DF6B9D0EF940}
		{24B7B7DF-941B-4B6E-81F2-0356A1704B13} = {60461EDE-D675-46F4-82A4-DF6B9D0EF940}
		{CBF57CE9-B6F9-4397-BB17-6BDD673B4E67} = {60461EDE-D675-46F4-82A4-DF6B9D0EF940}
		{E129FA48-B2DF-4396-BA17-4811210C376E} = {3378CEDF-BFA6-4C13-B741-0B5BB5732BD2}
		{E492A78C-DD18-4F1B-8CD9-FC3E95634343} = {E129FA48-B2DF-4396-BA17-4811210C376E}
		{3A6701A6-4359-4FB7-A451-155F959194AA} = {863C727F-F2B8-4324-A11E-5769C165AD0C}
		{272C4EE7-DB20-4552-8AC7-027248669B03} = {3A6701A6-4359-4FB7-A451-155F959194AA}
		{C72A4EFE-63BB-43ED-9887-B1CA89392F2C} = {3A6701A6-4359-4FB7-A451-155F959194AA}
		{EFE50AC0-FCCA-4035-B4A9-548E116FE3C0} = {3A6701A6-4359-4FB7-A451-155F959194AA}
		{F4A7F064-1190-43B4-B305-E2CA25938649} = {3A6701A6-4359-4FB7-A451-155F959194AA}
		{7D4E4042-6BD9-4AE7-BE4B-160463BF1880} = {CBF57CE9-B6F9-4397-BB17-6BDD673B4E67}
		{9084DABF-516E-4BC8-8A2B-593F2FE8F62A} = {7D4E4042-6BD9-4AE7-BE4B-160463BF1880}
		{8DDC074C-2166-4908-87C7-A1579B207781} = {24B7B7DF-941B-4B6E-81F2-0356A1704B13}
		{E93E6F30-5E7F-4AE9-99FB-EBB8709B51B8} = {8DDC074C-2166-4908-87C7-A1579B207781}
		{ADD3E9D8-80F1-4FD5-B9D1-271538A4904D} = {24B7B7DF-941B-4B6E-81F2-0356A1704B13}
		{DF3683C2-4A96-4035-8F76-B9180FBCE0FB} = {ADD3E9D8-80F1-4FD5-B9D1-271538A4904D}
		{39A15116-DBB8-45BD-933A-CDD4D4FB8801} = {24B7B7DF-941B-4B6E-81F2-0356A1704B13}
		{C0B16D80-ED52-4D02-9A75-0BCBF1D2FB7D} = {39A15116-DBB8-45BD-933A-CDD4D4FB8801}
		{7D5BC911-0E03-4784-A904-CE9B5E7244A0} = {24B7B7DF-941B-4B6E-81F2-0356A1704B13}
		{F6C390CF-CAF6-4593-ACB1-83E6CFAC0F19} = {7D5BC911-0E03-4784-A904-CE9B5E7244A0}
		{954D1FED-1977-43A4-AD07-6555544B33C8} = {24B7B7DF-941B-4B6E-81F2-0356A1704B13}
		{6FB9A895-8AE8-47F3-95D4-5E6FF31DA1EF} = {954D1FED-1977-43A4-AD07-6555544B33C8}
		{B2402B67-63A5-409F-95D4-EAB1F39F2B4D} = {954D1FED-1977-43A4-AD07-6555544B33C8}
		{A7E46DE5-313C-41E8-BE8B-00751309E4C1} = {954D1FED-1977-43A4-AD07-6555544B33C8}
		{6CD3FBBE-BEC7-4CF9-9367-493927AD5A3B} = {954D1FED-1977-43A4-AD07-6555544B33C8}
		{4862698D-902F-4466-A362-6D55DAB0CA20} = {24B7B7DF-941B-4B6E-81F2-0356A1704B13}
		{5BFDE617-7AB0-48D3-A86C-07C010FED8B1} = {4862698D-902F-4466-A362-6D55DAB0CA20}
	EndGlobalSection
	GlobalSection(ExtensibilityGlobals) = postSolution
		SolutionGuid = {DF3ECBFE-0C6F-4DBE-BBC3-9D827CDCEA25}
	EndGlobalSection
EndGlobal
